<?xml version="1.0" encoding="utf-8"?>
<Project ToolsVersion="4.0" xmlns="http://schemas.microsoft.com/developer/msbuild/2003">
  <ItemGroup>
    <Filter Include="Source Files">
      <UniqueIdentifier>{4FC737F1-C7A5-4376-A066-2A32D752A2FF}</UniqueIdentifier>
      <Extensions>cpp;c;cxx;def;odl;idl;hpj;bat;asm;asmx</Extensions>
    </Filter>
    <Filter Include="Header Files">
      <UniqueIdentifier>{93995380-89BD-4b04-88EB-625FBE52EBFB}</UniqueIdentifier>
      <Extensions>h;hpp;hxx;hm;inl;inc;xsd</Extensions>
    </Filter>
    <Filter Include="Resource Files">
      <UniqueIdentifier>{67DA6AB6-F800-4c08-8B7A-83BB121AAD01}</UniqueIdentifier>
      <Extensions>rc;ico;cur;bmp;dlg;rc2;rct;bin;rgs;gif;jpg;jpeg;jpe;resx</Extensions>
    </Filter>
  </ItemGroup>
  <ItemGroup>
    <ClCompile Include="Encoding\Sc1AdpcmEncoder.cpp">
      <Filter>Source Files</Filter>
    </ClCompile>
    <ClCompile Include="Decoding\6BitAdpcm.cpp">
      <Filter>Source Files</Filter>
    </ClCompile>
    <ClCompile Include="Decoding\ADPCM.cpp">
      <Filter>Source Files</Filter>
    </ClCompile>
    <ClCompile Include="Decoding\AudioExceptions.cpp">
      <Filter>Source Files</Filter>
    </ClCompile>
    <ClCompile Include="Decoding\AudioStream.cpp">
      <Filter>Source Files</Filter>
    </ClCompile>
    <ClCompile Include="Decoding\BufferDataStream.cpp">
      <Filter>Source Files</Filter>
    </ClCompile>
    <ClCompile Include="Decoding\DataExceptions.cpp">
      <Filter>Source Files</Filter>
    </ClCompile>
    <ClCompile Include="Decoding\DataStream.cpp">
      <Filter>Source Files</Filter>
    </ClCompile>
    <ClCompile Include="Decoding\FileDataStream.cpp">
      <Filter>Source Files</Filter>
    </ClCompile>
    <ClCompile Include="Decoding\Interleaved9Stream.cpp">
      <Filter>Source Files</Filter>
    </ClCompile>
    <ClCompile Include="Decoding\InterleavedStream.cpp">
      <Filter>Source Files</Filter>
    </ClCompile>
    <ClCompile Include="Decoding\LayeredStreamHelper.cpp">
      <Filter>Source Files</Filter>
    </ClCompile>
    <ClCompile Include="Decoding\Main.cpp">
      <Filter>Source Files</Filter>
    </ClCompile>
    <ClCompile Include="Decoding\OggVorbisStream.cpp">
      <Filter>Source Files</Filter>
    </ClCompile>
    <ClCompile Include="Decoding\Old6Or4BitStream.cpp">
      <Filter>Source Files</Filter>
    </ClCompile>
    <ClCompile Include="Decoding\OldInterleavedStream.cpp">
      <Filter>Source Files</Filter>
    </ClCompile>
    <ClCompile Include="Pch.cpp">
      <Filter>Source Files</Filter>
    </ClCompile>
    <ClCompile Include="Decoding\RawCompressedStream.cpp">
      <Filter>Source Files</Filter>
    </ClCompile>
    <ClCompile Include="Decoding\RawPcmStream.cpp">
      <Filter>Source Files</Filter>
    </ClCompile>
    <ClCompile Include="Decoding\Scan.cpp">
      <Filter>Source Files</Filter>
    </ClCompile>
    <ClCompile Include="Decoding\Segment.cpp">
      <Filter>Source Files</Filter>
    </ClCompile>
    <ClCompile Include="Decoding\SegmentParser.cpp">
      <Filter>Source Files</Filter>
    </ClCompile>
    <ClCompile Include="Decoding\StreamHelper.cpp">
      <Filter>Source Files</Filter>
    </ClCompile>
    <ClCompile Include="UbiFormats.cpp">
      <Filter>Source Files</Filter>
    </ClCompile>
    <ClCompile Include="Decoding\Version5Stream.cpp">
      <Filter>Source Files</Filter>
    </ClCompile>
    <ClCompile Include="Decoding\WaveWriter.cpp">
      <Filter>Source Files</Filter>
    </ClCompile>
  </ItemGroup>
  <ItemGroup>
    <ClInclude Include="Encoding\Sc1AdpcmEncoder.h">
      <Filter>Header Files</Filter>
    </ClInclude>
    <ClInclude Include="Decoding\6BitAdpcm.h">
      <Filter>Header Files</Filter>
    </ClInclude>
    <ClInclude Include="Decoding\ADPCM.h">
      <Filter>Header Files</Filter>
    </ClInclude>
    <ClInclude Include="Decoding\AudioExceptions.h">
      <Filter>Header Files</Filter>
    </ClInclude>
    <ClInclude Include="Decoding\AudioStream.h">
      <Filter>Header Files</Filter>
    </ClInclude>
    <ClInclude Include="Decoding\BufferDataStream.h">
      <Filter>Header Files</Filter>
    </ClInclude>
    <ClInclude Include="Decoding\DataExceptions.h">
      <Filter>Header Files</Filter>
    </ClInclude>
    <ClInclude Include="Decoding\DataStream.h">
      <Filter>Header Files</Filter>
    </ClInclude>
    <ClInclude Include="Decoding\FileDataStream.h">
      <Filter>Header Files</Filter>
    </ClInclude>
    <ClInclude Include="Decoding\Interleaved9Stream.h">
      <Filter>Header Files</Filter>
    </ClInclude>
    <ClInclude Include="Decoding\InterleavedStream.h">
      <Filter>Header Files</Filter>
    </ClInclude>
    <ClInclude Include="Decoding\LayeredStreamHelper.h">
      <Filter>Header Files</Filter>
    </ClInclude>
    <ClInclude Include="Decoding\OggVorbisStream.h">
      <Filter>Header Files</Filter>
    </ClInclude>
    <ClInclude Include="Decoding\Old6Or4BitStream.h">
      <Filter>Header Files</Filter>
    </ClInclude>
    <ClInclude Include="Decoding\OldInterleavedStream.h">
      <Filter>Header Files</Filter>
    </ClInclude>
    <ClInclude Include="Pch.h">
      <Filter>Header Files</Filter>
    </ClInclude>
    <ClInclude Include="Decoding\RawCompressedStream.h">
      <Filter>Header Files</Filter>
    </ClInclude>
    <ClInclude Include="Decoding\RawPcmStream.h">
      <Filter>Header Files</Filter>
    </ClInclude>
    <ClInclude Include="Decoding\Scan.h">
      <Filter>Header Files</Filter>
    </ClInclude>
    <ClInclude Include="Decoding\Segment.h">
      <Filter>Header Files</Filter>
    </ClInclude>
    <ClInclude Include="Decoding\SegmentParser.h">
      <Filter>Header Files</Filter>
    </ClInclude>
    <ClInclude Include="Decoding\StreamHelper.h">
      <Filter>Header Files</Filter>
    </ClInclude>
    <ClInclude Include="Decoding\UbiFormats.h">
      <Filter>Header Files</Filter>
    </ClInclude>
    <ClInclude Include="Decoding\Version5Stream.h">
      <Filter>Header Files</Filter>
    </ClInclude>
    <ClInclude Include="Decoding\WaveWriter.h">
      <Filter>Header Files</Filter>
    </ClInclude>
  </ItemGroup>
  <ItemGroup>
    <None Include=".gitignore" />
  </ItemGroup>
</Project>